
Microsoft Visual Studio Solution File, Format Version 12.00
# Visual Studio 14
VisualStudioVersion = 14.0.25420.1
MinimumVisualStudioVersion = 10.0.40219.1
Project("{FAE04EC0-301F-11D3-BF4B-00C04F79EFBC}") = "tastous.Droid", "tastous\tastous.Droid\tastous.Droid.csproj", "{CF9C43F8-C9D2-4B0D-B938-D50E4F19F63C}"
EndProject
Project("{FAE04EC0-301F-11D3-BF4B-00C04F79EFBC}") = "tastous.iOS", "tastous\tastous.iOS\tastous.iOS.csproj", "{5ED38303-424B-4530-BC77-F3D48BF49E46}"
EndProject
Project("{FAE04EC0-301F-11D3-BF4B-00C04F79EFBC}") = "tastous.WinPhone", "tastous\tastous.WinPhone\tastous.WinPhone.csproj", "{259B1477-F4A9-4250-8973-6AD9515EE8B2}"
EndProject
Project("{FAE04EC0-301F-11D3-BF4B-00C04F79EFBC}") = "tastous.UWP", "tastous\tastous.UWP\tastous.UWP.csproj", "{77C4EB55-A003-4E1F-A937-97E9DE1E61D3}"
EndProject
Project("{FAE04EC0-301F-11D3-BF4B-00C04F79EFBC}") = "tastous.Windows", "tastous\tastous.Windows\tastous.Windows.csproj", "{9206ABDC-6693-4DE9-949A-A1E2CA9A440A}"
EndProject
Project("{FAE04EC0-301F-11D3-BF4B-00C04F79EFBC}") = "tastous", "tastous\tastous\tastous.csproj", "{E307053E-5851-4333-8061-9E2D4CD3A52B}"
EndProject
Global
	GlobalSection(SolutionConfigurationPlatforms) = preSolution
		Ad-Hoc|Any CPU = Ad-Hoc|Any CPU
		Ad-Hoc|ARM = Ad-Hoc|ARM
		Ad-Hoc|iPhone = Ad-Hoc|iPhone
		Ad-Hoc|iPhoneSimulator = Ad-Hoc|iPhoneSimulator
		Ad-Hoc|x64 = Ad-Hoc|x64
		Ad-Hoc|x86 = Ad-Hoc|x86
		AppStore|Any CPU = AppStore|Any CPU
		AppStore|ARM = AppStore|ARM
		AppStore|iPhone = AppStore|iPhone
		AppStore|iPhoneSimulator = AppStore|iPhoneSimulator
		AppStore|x64 = AppStore|x64
		AppStore|x86 = AppStore|x86
		Debug|Any CPU = Debug|Any CPU
		Debug|ARM = Debug|ARM
		Debug|iPhone = Debug|iPhone
		Debug|iPhoneSimulator = Debug|iPhoneSimulator
		Debug|x64 = Debug|x64
		Debug|x86 = Debug|x86
		Release|Any CPU = Release|Any CPU
		Release|ARM = Release|ARM
		Release|iPhone = Release|iPhone
		Release|iPhoneSimulator = Release|iPhoneSimulator
		Release|x64 = Release|x64
		Release|x86 = Release|x86
	EndGlobalSection
	GlobalSection(ProjectConfigurationPlatforms) = postSolution
		{CF9C43F8-C9D2-4B0D-B938-D50E4F19F63C}.Ad-Hoc|Any CPU.ActiveCfg = Release|Any CPU
		{CF9C43F8-C9D2-4B0D-B938-D50E4F19F63C}.Ad-Hoc|Any CPU.Build.0 = Release|Any CPU
		{CF9C43F8-C9D2-4B0D-B938-D50E4F19F63C}.Ad-Hoc|Any CPU.Deploy.0 = Release|Any CPU
		{CF9C43F8-C9D2-4B0D-B938-D50E4F19F63C}.Ad-Hoc|ARM.ActiveCfg = Release|Any CPU
		{CF9C43F8-C9D2-4B0D-B938-D50E4F19F63C}.Ad-Hoc|ARM.Build.0 = Release|Any CPU
		{CF9C43F8-C9D2-4B0D-B938-D50E4F19F63C}.Ad-Hoc|ARM.Deploy.0 = Release|Any CPU
		{CF9C43F8-C9D2-4B0D-B938-D50E4F19F63C}.Ad-Hoc|iPhone.ActiveCfg = Release|Any CPU
		{CF9C43F8-C9D2-4B0D-B938-D50E4F19F63C}.Ad-Hoc|iPhone.Build.0 = Release|Any CPU
		{CF9C43F8-C9D2-4B0D-B938-D50E4F19F63C}.Ad-Hoc|iPhone.Deploy.0 = Release|Any CPU
		{CF9C43F8-C9D2-4B0D-B938-D50E4F19F63C}.Ad-Hoc|iPhoneSimulator.ActiveCfg = Release|Any CPU
		{CF9C43F8-C9D2-4B0D-B938-D50E4F19F63C}.Ad-Hoc|iPhoneSimulator.Build.0 = Release|Any CPU
		{CF9C43F8-C9D2-4B0D-B938-D50E4F19F63C}.Ad-Hoc|iPhoneSimulator.Deploy.0 = Release|Any CPU
		{CF9C43F8-C9D2-4B0D-B938-D50E4F19F63C}.Ad-Hoc|x64.ActiveCfg = Release|Any CPU
		{CF9C43F8-C9D2-4B0D-B938-D50E4F19F63C}.Ad-Hoc|x64.Build.0 = Release|Any CPU
		{CF9C43F8-C9D2-4B0D-B938-D50E4F19F63C}.Ad-Hoc|x64.Deploy.0 = Release|Any CPU
		{CF9C43F8-C9D2-4B0D-B938-D50E4F19F63C}.Ad-Hoc|x86.ActiveCfg = Release|Any CPU
		{CF9C43F8-C9D2-4B0D-B938-D50E4F19F63C}.Ad-Hoc|x86.Build.0 = Release|Any CPU
		{CF9C43F8-C9D2-4B0D-B938-D50E4F19F63C}.Ad-Hoc|x86.Deploy.0 = Release|Any CPU
		{CF9C43F8-C9D2-4B0D-B938-D50E4F19F63C}.AppStore|Any CPU.ActiveCfg = Release|Any CPU
		{CF9C43F8-C9D2-4B0D-B938-D50E4F19F63C}.AppStore|Any CPU.Build.0 = Release|Any CPU
		{CF9C43F8-C9D2-4B0D-B938-D50E4F19F63C}.AppStore|Any CPU.Deploy.0 = Release|Any CPU
		{CF9C43F8-C9D2-4B0D-B938-D50E4F19F63C}.AppStore|ARM.ActiveCfg = Release|Any CPU
		{CF9C43F8-C9D2-4B0D-B938-D50E4F19F63C}.AppStore|ARM.Build.0 = Release|Any CPU
		{CF9C43F8-C9D2-4B0D-B938-D50E4F19F63C}.AppStore|ARM.Deploy.0 = Release|Any CPU
		{CF9C43F8-C9D2-4B0D-B938-D50E4F19F63C}.AppStore|iPhone.ActiveCfg = Release|Any CPU
		{CF9C43F8-C9D2-4B0D-B938-D50E4F19F63C}.AppStore|iPhone.Build.0 = Release|Any CPU
		{CF9C43F8-C9D2-4B0D-B938-D50E4F19F63C}.AppStore|iPhone.Deploy.0 = Release|Any CPU
		{CF9C43F8-C9D2-4B0D-B938-D50E4F19F63C}.AppStore|iPhoneSimulator.ActiveCfg = Release|Any CPU
		{CF9C43F8-C9D2-4B0D-B938-D50E4F19F63C}.AppStore|iPhoneSimulator.Build.0 = Release|Any CPU
		{CF9C43F8-C9D2-4B0D-B938-D50E4F19F63C}.AppStore|iPhoneSimulator.Deploy.0 = Release|Any CPU
		{CF9C43F8-C9D2-4B0D-B938-D50E4F19F63C}.AppStore|x64.ActiveCfg = Release|Any CPU
		{CF9C43F8-C9D2-4B0D-B938-D50E4F19F63C}.AppStore|x64.Build.0 = Release|Any CPU
		{CF9C43F8-C9D2-4B0D-B938-D50E4F19F63C}.AppStore|x64.Deploy.0 = Release|Any CPU
		{CF9C43F8-C9D2-4B0D-B938-D50E4F19F63C}.AppStore|x86.ActiveCfg = Release|Any CPU
		{CF9C43F8-C9D2-4B0D-B938-D50E4F19F63C}.AppStore|x86.Build.0 = Release|Any CPU
		{CF9C43F8-C9D2-4B0D-B938-D50E4F19F63C}.AppStore|x86.Deploy.0 = Release|Any CPU
		{CF9C43F8-C9D2-4B0D-B938-D50E4F19F63C}.Debug|Any CPU.ActiveCfg = Debug|Any CPU
		{CF9C43F8-C9D2-4B0D-B938-D50E4F19F63C}.Debug|Any CPU.Build.0 = Debug|Any CPU
		{CF9C43F8-C9D2-4B0D-B938-D50E4F19F63C}.Debug|Any CPU.Deploy.0 = Debug|Any CPU
		{CF9C43F8-C9D2-4B0D-B938-D50E4F19F63C}.Debug|ARM.ActiveCfg = Debug|Any CPU
		{CF9C43F8-C9D2-4B0D-B938-D50E4F19F63C}.Debug|ARM.Build.0 = Debug|Any CPU
		{CF9C43F8-C9D2-4B0D-B938-D50E4F19F63C}.Debug|ARM.Deploy.0 = Debug|Any CPU
		{CF9C43F8-C9D2-4B0D-B938-D50E4F19F63C}.Debug|iPhone.ActiveCfg = Debug|Any CPU
		{CF9C43F8-C9D2-4B0D-B938-D50E4F19F63C}.Debug|iPhone.Build.0 = Debug|Any CPU
		{CF9C43F8-C9D2-4B0D-B938-D50E4F19F63C}.Debug|iPhone.Deploy.0 = Debug|Any CPU
		{CF9C43F8-C9D2-4B0D-B938-D50E4F19F63C}.Debug|iPhoneSimulator.ActiveCfg = Debug|Any CPU
		{CF9C43F8-C9D2-4B0D-B938-D50E4F19F63C}.Debug|iPhoneSimulator.Build.0 = Debug|Any CPU
		{CF9C43F8-C9D2-4B0D-B938-D50E4F19F63C}.Debug|iPhoneSimulator.Deploy.0 = Debug|Any CPU
		{CF9C43F8-C9D2-4B0D-B938-D50E4F19F63C}.Debug|x64.ActiveCfg = Debug|Any CPU
		{CF9C43F8-C9D2-4B0D-B938-D50E4F19F63C}.Debug|x64.Build.0 = Debug|Any CPU
		{CF9C43F8-C9D2-4B0D-B938-D50E4F19F63C}.Debug|x64.Deploy.0 = Debug|Any CPU
		{CF9C43F8-C9D2-4B0D-B938-D50E4F19F63C}.Debug|x86.ActiveCfg = Debug|Any CPU
		{CF9C43F8-C9D2-4B0D-B938-D50E4F19F63C}.Debug|x86.Build.0 = Debug|Any CPU
		{CF9C43F8-C9D2-4B0D-B938-D50E4F19F63C}.Debug|x86.Deploy.0 = Debug|Any CPU
		{CF9C43F8-C9D2-4B0D-B938-D50E4F19F63C}.Release|Any CPU.ActiveCfg = Release|Any CPU
		{CF9C43F8-C9D2-4B0D-B938-D50E4F19F63C}.Release|Any CPU.Build.0 = Release|Any CPU
		{CF9C43F8-C9D2-4B0D-B938-D50E4F19F63C}.Release|Any CPU.Deploy.0 = Release|Any CPU
		{CF9C43F8-C9D2-4B0D-B938-D50E4F19F63C}.Release|ARM.ActiveCfg = Release|Any CPU
		{CF9C43F8-C9D2-4B0D-B938-D50E4F19F63C}.Release|ARM.Build.0 = Release|Any CPU
		{CF9C43F8-C9D2-4B0D-B938-D50E4F19F63C}.Release|ARM.Deploy.0 = Release|Any CPU
		{CF9C43F8-C9D2-4B0D-B938-D50E4F19F63C}.Release|iPhone.ActiveCfg = Release|Any CPU
		{CF9C43F8-C9D2-4B0D-B938-D50E4F19F63C}.Release|iPhone.Build.0 = Release|Any CPU
		{CF9C43F8-C9D2-4B0D-B938-D50E4F19F63C}.Release|iPhone.Deploy.0 = Release|Any CPU
		{CF9C43F8-C9D2-4B0D-B938-D50E4F19F63C}.Release|iPhoneSimulator.ActiveCfg = Release|Any CPU
		{CF9C43F8-C9D2-4B0D-B938-D50E4F19F63C}.Release|iPhoneSimulator.Build.0 = Release|Any CPU
		{CF9C43F8-C9D2-4B0D-B938-D50E4F19F63C}.Release|iPhoneSimulator.Deploy.0 = Release|Any CPU
		{CF9C43F8-C9D2-4B0D-B938-D50E4F19F63C}.Release|x64.ActiveCfg = Release|Any CPU
		{CF9C43F8-C9D2-4B0D-B938-D50E4F19F63C}.Release|x64.Build.0 = Release|Any CPU
		{CF9C43F8-C9D2-4B0D-B938-D50E4F19F63C}.Release|x64.Deploy.0 = Release|Any CPU
		{CF9C43F8-C9D2-4B0D-B938-D50E4F19F63C}.Release|x86.ActiveCfg = Release|Any CPU
		{CF9C43F8-C9D2-4B0D-B938-D50E4F19F63C}.Release|x86.Build.0 = Release|Any CPU
		{CF9C43F8-C9D2-4B0D-B938-D50E4F19F63C}.Release|x86.Deploy.0 = Release|Any CPU
		{5ED38303-424B-4530-BC77-F3D48BF49E46}.Ad-Hoc|Any CPU.ActiveCfg = Ad-Hoc|iPhone
		{5ED38303-424B-4530-BC77-F3D48BF49E46}.Ad-Hoc|ARM.ActiveCfg = Ad-Hoc|iPhone
		{5ED38303-424B-4530-BC77-F3D48BF49E46}.Ad-Hoc|iPhone.ActiveCfg = Ad-Hoc|iPhone
		{5ED38303-424B-4530-BC77-F3D48BF49E46}.Ad-Hoc|iPhone.Build.0 = Ad-Hoc|iPhone
		{5ED38303-424B-4530-BC77-F3D48BF49E46}.Ad-Hoc|iPhoneSimulator.ActiveCfg = Ad-Hoc|iPhoneSimulator
		{5ED38303-424B-4530-BC77-F3D48BF49E46}.Ad-Hoc|iPhoneSimulator.Build.0 = Ad-Hoc|iPhoneSimulator
		{5ED38303-424B-4530-BC77-F3D48BF49E46}.Ad-Hoc|x64.ActiveCfg = Ad-Hoc|iPhone
		{5ED38303-424B-4530-BC77-F3D48BF49E46}.Ad-Hoc|x86.ActiveCfg = Ad-Hoc|iPhone
		{5ED38303-424B-4530-BC77-F3D48BF49E46}.AppStore|Any CPU.ActiveCfg = AppStore|iPhone
		{5ED38303-424B-4530-BC77-F3D48BF49E46}.AppStore|ARM.ActiveCfg = AppStore|iPhone
		{5ED38303-424B-4530-BC77-F3D48BF49E46}.AppStore|iPhone.ActiveCfg = AppStore|iPhone
		{5ED38303-424B-4530-BC77-F3D48BF49E46}.AppStore|iPhone.Build.0 = AppStore|iPhone
		{5ED38303-424B-4530-BC77-F3D48BF49E46}.AppStore|iPhoneSimulator.ActiveCfg = AppStore|iPhoneSimulator
		{5ED38303-424B-4530-BC77-F3D48BF49E46}.AppStore|iPhoneSimulator.Build.0 = AppStore|iPhoneSimulator
		{5ED38303-424B-4530-BC77-F3D48BF49E46}.AppStore|x64.ActiveCfg = AppStore|iPhone
		{5ED38303-424B-4530-BC77-F3D48BF49E46}.AppStore|x86.ActiveCfg = AppStore|iPhone
		{5ED38303-424B-4530-BC77-F3D48BF49E46}.Debug|Any CPU.ActiveCfg = Debug|iPhone
		{5ED38303-424B-4530-BC77-F3D48BF49E46}.Debug|ARM.ActiveCfg = Debug|iPhone
		{5ED38303-424B-4530-BC77-F3D48BF49E46}.Debug|iPhone.ActiveCfg = Debug|iPhone
		{5ED38303-424B-4530-BC77-F3D48BF49E46}.Debug|iPhone.Build.0 = Debug|iPhone
		{5ED38303-424B-4530-BC77-F3D48BF49E46}.Debug|iPhoneSimulator.ActiveCfg = Debug|iPhoneSimulator
		{5ED38303-424B-4530-BC77-F3D48BF49E46}.Debug|iPhoneSimulator.Build.0 = Debug|iPhoneSimulator
		{5ED38303-424B-4530-BC77-F3D48BF49E46}.Debug|x64.ActiveCfg = Debug|iPhone
		{5ED38303-424B-4530-BC77-F3D48BF49E46}.Debug|x86.ActiveCfg = Debug|iPhone
		{5ED38303-424B-4530-BC77-F3D48BF49E46}.Release|Any CPU.ActiveCfg = Release|iPhone
		{5ED38303-424B-4530-BC77-F3D48BF49E46}.Release|ARM.ActiveCfg = Release|iPhone
		{5ED38303-424B-4530-BC77-F3D48BF49E46}.Release|iPhone.ActiveCfg = Release|iPhone
		{5ED38303-424B-4530-BC77-F3D48BF49E46}.Release|iPhone.Build.0 = Release|iPhone
		{5ED38303-424B-4530-BC77-F3D48BF49E46}.Release|iPhoneSimulator.ActiveCfg = Release|iPhoneSimulator
		{5ED38303-424B-4530-BC77-F3D48BF49E46}.Release|iPhoneSimulator.Build.0 = Release|iPhoneSimulator
		{5ED38303-424B-4530-BC77-F3D48BF49E46}.Release|x64.ActiveCfg = Release|iPhone
		{5ED38303-424B-4530-BC77-F3D48BF49E46}.Release|x86.ActiveCfg = Release|iPhone
		{259B1477-F4A9-4250-8973-6AD9515EE8B2}.Ad-Hoc|Any CPU.ActiveCfg = Release|Any CPU
		{259B1477-F4A9-4250-8973-6AD9515EE8B2}.Ad-Hoc|Any CPU.Build.0 = Release|Any CPU
		{259B1477-F4A9-4250-8973-6AD9515EE8B2}.Ad-Hoc|Any CPU.Deploy.0 = Release|Any CPU
		{259B1477-F4A9-4250-8973-6AD9515EE8B2}.Ad-Hoc|ARM.ActiveCfg = Release|ARM
		{259B1477-F4A9-4250-8973-6AD9515EE8B2}.Ad-Hoc|ARM.Build.0 = Release|ARM
		{259B1477-F4A9-4250-8973-6AD9515EE8B2}.Ad-Hoc|ARM.Deploy.0 = Release|ARM
		{259B1477-F4A9-4250-8973-6AD9515EE8B2}.Ad-Hoc|iPhone.ActiveCfg = Release|Any CPU
		{259B1477-F4A9-4250-8973-6AD9515EE8B2}.Ad-Hoc|iPhone.Build.0 = Release|Any CPU
		{259B1477-F4A9-4250-8973-6AD9515EE8B2}.Ad-Hoc|iPhone.Deploy.0 = Release|Any CPU
		{259B1477-F4A9-4250-8973-6AD9515EE8B2}.Ad-Hoc|iPhoneSimulator.ActiveCfg = Release|Any CPU
		{259B1477-F4A9-4250-8973-6AD9515EE8B2}.Ad-Hoc|iPhoneSimulator.Build.0 = Release|Any CPU
		{259B1477-F4A9-4250-8973-6AD9515EE8B2}.Ad-Hoc|iPhoneSimulator.Deploy.0 = Release|Any CPU
		{259B1477-F4A9-4250-8973-6AD9515EE8B2}.Ad-Hoc|x64.ActiveCfg = Release|Any CPU
		{259B1477-F4A9-4250-8973-6AD9515EE8B2}.Ad-Hoc|x64.Build.0 = Release|Any CPU
		{259B1477-F4A9-4250-8973-6AD9515EE8B2}.Ad-Hoc|x64.Deploy.0 = Release|Any CPU
		{259B1477-F4A9-4250-8973-6AD9515EE8B2}.Ad-Hoc|x86.ActiveCfg = Release|x86
		{259B1477-F4A9-4250-8973-6AD9515EE8B2}.Ad-Hoc|x86.Build.0 = Release|x86
		{259B1477-F4A9-4250-8973-6AD9515EE8B2}.Ad-Hoc|x86.Deploy.0 = Release|x86
		{259B1477-F4A9-4250-8973-6AD9515EE8B2}.AppStore|Any CPU.ActiveCfg = Release|Any CPU
		{259B1477-F4A9-4250-8973-6AD9515EE8B2}.AppStore|Any CPU.Build.0 = Release|Any CPU
		{259B1477-F4A9-4250-8973-6AD9515EE8B2}.AppStore|Any CPU.Deploy.0 = Release|Any CPU
		{259B1477-F4A9-4250-8973-6AD9515EE8B2}.AppStore|ARM.ActiveCfg = Release|ARM
		{259B1477-F4A9-4250-8973-6AD9515EE8B2}.AppStore|ARM.Build.0 = Release|ARM
		{259B1477-F4A9-4250-8973-6AD9515EE8B2}.AppStore|ARM.Deploy.0 = Release|ARM
		{259B1477-F4A9-4250-8973-6AD9515EE8B2}.AppStore|iPhone.ActiveCfg = Release|Any CPU
		{259B1477-F4A9-4250-8973-6AD9515EE8B2}.AppStore|iPhone.Build.0 = Release|Any CPU
		{259B1477-F4A9-4250-8973-6AD9515EE8B2}.AppStore|iPhone.Deploy.0 = Release|Any CPU
		{259B1477-F4A9-4250-8973-6AD9515EE8B2}.AppStore|iPhoneSimulator.ActiveCfg = Release|Any CPU
		{259B1477-F4A9-4250-8973-6AD9515EE8B2}.AppStore|iPhoneSimulator.Build.0 = Release|Any CPU
		{259B1477-F4A9-4250-8973-6AD9515EE8B2}.AppStore|iPhoneSimulator.Deploy.0 = Release|Any CPU
		{259B1477-F4A9-4250-8973-6AD9515EE8B2}.AppStore|x64.ActiveCfg = Release|Any CPU
		{259B1477-F4A9-4250-8973-6AD9515EE8B2}.AppStore|x64.Build.0 = Release|Any CPU
		{259B1477-F4A9-4250-8973-6AD9515EE8B2}.AppStore|x64.Deploy.0 = Release|Any CPU
		{259B1477-F4A9-4250-8973-6AD9515EE8B2}.AppStore|x86.ActiveCfg = Release|x86
		{259B1477-F4A9-4250-8973-6AD9515EE8B2}.AppStore|x86.Build.0 = Release|x86
		{259B1477-F4A9-4250-8973-6AD9515EE8B2}.AppStore|x86.Deploy.0 = Release|x86
		{259B1477-F4A9-4250-8973-6AD9515EE8B2}.Debug|Any CPU.ActiveCfg = Debug|Any CPU
		{259B1477-F4A9-4250-8973-6AD9515EE8B2}.Debug|Any CPU.Build.0 = Debug|Any CPU
		{259B1477-F4A9-4250-8973-6AD9515EE8B2}.Debug|Any CPU.Deploy.0 = Debug|Any CPU
		{259B1477-F4A9-4250-8973-6AD9515EE8B2}.Debug|ARM.ActiveCfg = Debug|ARM
		{259B1477-F4A9-4250-8973-6AD9515EE8B2}.Debug|ARM.Build.0 = Debug|ARM
		{259B1477-F4A9-4250-8973-6AD9515EE8B2}.Debug|ARM.Deploy.0 = Debug|ARM
		{259B1477-F4A9-4250-8973-6AD9515EE8B2}.Debug|iPhone.ActiveCfg = Debug|Any CPU
		{259B1477-F4A9-4250-8973-6AD9515EE8B2}.Debug|iPhone.Build.0 = Debug|Any CPU
		{259B1477-F4A9-4250-8973-6AD9515EE8B2}.Debug|iPhone.Deploy.0 = Debug|Any CPU
		{259B1477-F4A9-4250-8973-6AD9515EE8B2}.Debug|iPhoneSimulator.ActiveCfg = Debug|Any CPU
		{259B1477-F4A9-4250-8973-6AD9515EE8B2}.Debug|iPhoneSimulator.Build.0 = Debug|Any CPU
		{259B1477-F4A9-4250-8973-6AD9515EE8B2}.Debug|iPhoneSimulator.Deploy.0 = Debug|Any CPU
		{259B1477-F4A9-4250-8973-6AD9515EE8B2}.Debug|x64.ActiveCfg = Debug|Any CPU
		{259B1477-F4A9-4250-8973-6AD9515EE8B2}.Debug|x64.Build.0 = Debug|Any CPU
		{259B1477-F4A9-4250-8973-6AD9515EE8B2}.Debug|x64.Deploy.0 = Debug|Any CPU
		{259B1477-F4A9-4250-8973-6AD9515EE8B2}.Debug|x86.ActiveCfg = Debug|x86
		{259B1477-F4A9-4250-8973-6AD9515EE8B2}.Debug|x86.Build.0 = Debug|x86
		{259B1477-F4A9-4250-8973-6AD9515EE8B2}.Debug|x86.Deploy.0 = Debug|x86
		{259B1477-F4A9-4250-8973-6AD9515EE8B2}.Release|Any CPU.ActiveCfg = Release|Any CPU
		{259B1477-F4A9-4250-8973-6AD9515EE8B2}.Release|Any CPU.Build.0 = Release|Any CPU
		{259B1477-F4A9-4250-8973-6AD9515EE8B2}.Release|Any CPU.Deploy.0 = Release|Any CPU
		{259B1477-F4A9-4250-8973-6AD9515EE8B2}.Release|ARM.ActiveCfg = Release|ARM
		{259B1477-F4A9-4250-8973-6AD9515EE8B2}.Release|ARM.Build.0 = Release|ARM
		{259B1477-F4A9-4250-8973-6AD9515EE8B2}.Release|ARM.Deploy.0 = Release|ARM
		{259B1477-F4A9-4250-8973-6AD9515EE8B2}.Release|iPhone.ActiveCfg = Release|Any CPU
		{259B1477-F4A9-4250-8973-6AD9515EE8B2}.Release|iPhone.Build.0 = Release|Any CPU
		{259B1477-F4A9-4250-8973-6AD9515EE8B2}.Release|iPhone.Deploy.0 = Release|Any CPU
		{259B1477-F4A9-4250-8973-6AD9515EE8B2}.Release|iPhoneSimulator.ActiveCfg = Release|Any CPU
		{259B1477-F4A9-4250-8973-6AD9515EE8B2}.Release|iPhoneSimulator.Build.0 = Release|Any CPU
		{259B1477-F4A9-4250-8973-6AD9515EE8B2}.Release|iPhoneSimulator.Deploy.0 = Release|Any CPU
		{259B1477-F4A9-4250-8973-6AD9515EE8B2}.Release|x64.ActiveCfg = Release|Any CPU
		{259B1477-F4A9-4250-8973-6AD9515EE8B2}.Release|x64.Build.0 = Release|Any CPU
		{259B1477-F4A9-4250-8973-6AD9515EE8B2}.Release|x64.Deploy.0 = Release|Any CPU
		{259B1477-F4A9-4250-8973-6AD9515EE8B2}.Release|x86.ActiveCfg = Release|x86
		{259B1477-F4A9-4250-8973-6AD9515EE8B2}.Release|x86.Build.0 = Release|x86
		{259B1477-F4A9-4250-8973-6AD9515EE8B2}.Release|x86.Deploy.0 = Release|x86
		{77C4EB55-A003-4E1F-A937-97E9DE1E61D3}.Ad-Hoc|Any CPU.ActiveCfg = Release|x86
		{77C4EB55-A003-4E1F-A937-97E9DE1E61D3}.Ad-Hoc|Any CPU.Build.0 = Release|x86
		{77C4EB55-A003-4E1F-A937-97E9DE1E61D3}.Ad-Hoc|Any CPU.Deploy.0 = Release|x86
		{77C4EB55-A003-4E1F-A937-97E9DE1E61D3}.Ad-Hoc|ARM.ActiveCfg = Release|ARM
		{77C4EB55-A003-4E1F-A937-97E9DE1E61D3}.Ad-Hoc|ARM.Build.0 = Release|ARM
		{77C4EB55-A003-4E1F-A937-97E9DE1E61D3}.Ad-Hoc|ARM.Deploy.0 = Release|ARM
		{77C4EB55-A003-4E1F-A937-97E9DE1E61D3}.Ad-Hoc|iPhone.ActiveCfg = Release|x86
		{77C4EB55-A003-4E1F-A937-97E9DE1E61D3}.Ad-Hoc|iPhone.Build.0 = Release|x86
		{77C4EB55-A003-4E1F-A937-97E9DE1E61D3}.Ad-Hoc|iPhone.Deploy.0 = Release|x86
		{77C4EB55-A003-4E1F-A937-97E9DE1E61D3}.Ad-Hoc|iPhoneSimulator.ActiveCfg = Release|x86
		{77C4EB55-A003-4E1F-A937-97E9DE1E61D3}.Ad-Hoc|iPhoneSimulator.Build.0 = Release|x86
		{77C4EB55-A003-4E1F-A937-97E9DE1E61D3}.Ad-Hoc|iPhoneSimulator.Deploy.0 = Release|x86
		{77C4EB55-A003-4E1F-A937-97E9DE1E61D3}.Ad-Hoc|x64.ActiveCfg = Release|x64
		{77C4EB55-A003-4E1F-A937-97E9DE1E61D3}.Ad-Hoc|x64.Build.0 = Release|x64
		{77C4EB55-A003-4E1F-A937-97E9DE1E61D3}.Ad-Hoc|x64.Deploy.0 = Release|x64
		{77C4EB55-A003-4E1F-A937-97E9DE1E61D3}.Ad-Hoc|x86.ActiveCfg = Release|x86
		{77C4EB55-A003-4E1F-A937-97E9DE1E61D3}.Ad-Hoc|x86.Build.0 = Release|x86
		{77C4EB55-A003-4E1F-A937-97E9DE1E61D3}.Ad-Hoc|x86.Deploy.0 = Release|x86
		{77C4EB55-A003-4E1F-A937-97E9DE1E61D3}.AppStore|Any CPU.ActiveCfg = Release|x86
		{77C4EB55-A003-4E1F-A937-97E9DE1E61D3}.AppStore|Any CPU.Build.0 = Release|x86
		{77C4EB55-A003-4E1F-A937-97E9DE1E61D3}.AppStore|Any CPU.Deploy.0 = Release|x86
		{77C4EB55-A003-4E1F-A937-97E9DE1E61D3}.AppStore|ARM.ActiveCfg = Release|ARM
		{77C4EB55-A003-4E1F-A937-97E9DE1E61D3}.AppStore|ARM.Build.0 = Release|ARM
		{77C4EB55-A003-4E1F-A937-97E9DE1E61D3}.AppStore|ARM.Deploy.0 = Release|ARM
		{77C4EB55-A003-4E1F-A937-97E9DE1E61D3}.AppStore|iPhone.ActiveCfg = Release|x86
		{77C4EB55-A003-4E1F-A937-97E9DE1E61D3}.AppStore|iPhone.Build.0 = Release|x86
		{77C4EB55-A003-4E1F-A937-97E9DE1E61D3}.AppStore|iPhone.Deploy.0 = Release|x86
		{77C4EB55-A003-4E1F-A937-97E9DE1E61D3}.AppStore|iPhoneSimulator.ActiveCfg = Release|x86
		{77C4EB55-A003-4E1F-A937-97E9DE1E61D3}.AppStore|iPhoneSimulator.Build.0 = Release|x86
		{77C4EB55-A003-4E1F-A937-97E9DE1E61D3}.AppStore|iPhoneSimulator.Deploy.0 = Release|x86
		{77C4EB55-A003-4E1F-A937-97E9DE1E61D3}.AppStore|x64.ActiveCfg = Release|x64
		{77C4EB55-A003-4E1F-A937-97E9DE1E61D3}.AppStore|x64.Build.0 = Release|x64
		{77C4EB55-A003-4E1F-A937-97E9DE1E61D3}.AppStore|x64.Deploy.0 = Release|x64
		{77C4EB55-A003-4E1F-A937-97E9DE1E61D3}.AppStore|x86.ActiveCfg = Release|x86
		{77C4EB55-A003-4E1F-A937-97E9DE1E61D3}.AppStore|x86.Build.0 = Release|x86
		{77C4EB55-A003-4E1F-A937-97E9DE1E61D3}.AppStore|x86.Deploy.0 = Release|x86
		{77C4EB55-A003-4E1F-A937-97E9DE1E61D3}.Debug|Any CPU.ActiveCfg = Debug|x86
		{77C4EB55-A003-4E1F-A937-97E9DE1E61D3}.Debug|ARM.ActiveCfg = Debug|ARM
		{77C4EB55-A003-4E1F-A937-97E9DE1E61D3}.Debug|ARM.Build.0 = Debug|ARM
		{77C4EB55-A003-4E1F-A937-97E9DE1E61D3}.Debug|ARM.Deploy.0 = Debug|ARM
		{77C4EB55-A003-4E1F-A937-97E9DE1E61D3}.Debug|iPhone.ActiveCfg = Debug|x86
		{77C4EB55-A003-4E1F-A937-97E9DE1E61D3}.Debug|iPhoneSimulator.ActiveCfg = Debug|x86
		{77C4EB55-A003-4E1F-A937-97E9DE1E61D3}.Debug|x64.ActiveCfg = Debug|x64
		{77C4EB55-A003-4E1F-A937-97E9DE1E61D3}.Debug|x64.Build.0 = Debug|x64
		{77C4EB55-A003-4E1F-A937-97E9DE1E61D3}.Debug|x64.Deploy.0 = Debug|x64
		{77C4EB55-A003-4E1F-A937-97E9DE1E61D3}.Debug|x86.ActiveCfg = Debug|x86
		{77C4EB55-A003-4E1F-A937-97E9DE1E61D3}.Debug|x86.Build.0 = Debug|x86
		{77C4EB55-A003-4E1F-A937-97E9DE1E61D3}.Debug|x86.Deploy.0 = Debug|x86
		{77C4EB55-A003-4E1F-A937-97E9DE1E61D3}.Release|Any CPU.ActiveCfg = Release|x86
		{77C4EB55-A003-4E1F-A937-97E9DE1E61D3}.Release|ARM.ActiveCfg = Release|ARM
		{77C4EB55-A003-4E1F-A937-97E9DE1E61D3}.Release|ARM.Build.0 = Release|ARM
		{77C4EB55-A003-4E1F-A937-97E9DE1E61D3}.Release|ARM.Deploy.0 = Release|ARM
		{77C4EB55-A003-4E1F-A937-97E9DE1E61D3}.Release|iPhone.ActiveCfg = Release|x86
		{77C4EB55-A003-4E1F-A937-97E9DE1E61D3}.Release|iPhoneSimulator.ActiveCfg = Release|x86
		{77C4EB55-A003-4E1F-A937-97E9DE1E61D3}.Release|x64.ActiveCfg = Release|x64
		{77C4EB55-A003-4E1F-A937-97E9DE1E61D3}.Release|x64.Build.0 = Release|x64
		{77C4EB55-A003-4E1F-A937-97E9DE1E61D3}.Release|x64.Deploy.0 = Release|x64
		{77C4EB55-A003-4E1F-A937-97E9DE1E61D3}.Release|x86.ActiveCfg = Release|x86
		{77C4EB55-A003-4E1F-A937-97E9DE1E61D3}.Release|x86.Build.0 = Release|x86
		{77C4EB55-A003-4E1F-A937-97E9DE1E61D3}.Release|x86.Deploy.0 = Release|x86
		{9206ABDC-6693-4DE9-949A-A1E2CA9A440A}.Ad-Hoc|Any CPU.ActiveCfg = Release|Any CPU
		{9206ABDC-6693-4DE9-949A-A1E2CA9A440A}.Ad-Hoc|Any CPU.Build.0 = Release|Any CPU
		{9206ABDC-6693-4DE9-949A-A1E2CA9A440A}.Ad-Hoc|Any CPU.Deploy.0 = Release|Any CPU
		{9206ABDC-6693-4DE9-949A-A1E2CA9A440A}.Ad-Hoc|ARM.ActiveCfg = Release|ARM
		{9206ABDC-6693-4DE9-949A-A1E2CA9A440A}.Ad-Hoc|ARM.Build.0 = Release|ARM
		{9206ABDC-6693-4DE9-949A-A1E2CA9A440A}.Ad-Hoc|ARM.Deploy.0 = Release|ARM
		{9206ABDC-6693-4DE9-949A-A1E2CA9A440A}.Ad-Hoc|iPhone.ActiveCfg = Release|Any CPU
		{9206ABDC-6693-4DE9-949A-A1E2CA9A440A}.Ad-Hoc|iPhone.Build.0 = Release|Any CPU
		{9206ABDC-6693-4DE9-949A-A1E2CA9A440A}.Ad-Hoc|iPhone.Deploy.0 = Release|Any CPU
		{9206ABDC-6693-4DE9-949A-A1E2CA9A440A}.Ad-Hoc|iPhoneSimulator.ActiveCfg = Release|Any CPU
		{9206ABDC-6693-4DE9-949A-A1E2CA9A440A}.Ad-Hoc|iPhoneSimulator.Build.0 = Release|Any CPU
		{9206ABDC-6693-4DE9-949A-A1E2CA9A440A}.Ad-Hoc|iPhoneSimulator.Deploy.0 = Release|Any CPU
		{9206ABDC-6693-4DE9-949A-A1E2CA9A440A}.Ad-Hoc|x64.ActiveCfg = Release|x64
		{9206ABDC-6693-4DE9-949A-A1E2CA9A440A}.Ad-Hoc|x64.Build.0 = Release|x64
		{9206ABDC-6693-4DE9-949A-A1E2CA9A440A}.Ad-Hoc|x64.Deploy.0 = Release|x64
		{9206ABDC-6693-4DE9-949A-A1E2CA9A440A}.Ad-Hoc|x86.ActiveCfg = Release|x86
		{9206ABDC-6693-4DE9-949A-A1E2CA9A440A}.Ad-Hoc|x86.Build.0 = Release|x86
		{9206ABDC-6693-4DE9-949A-A1E2CA9A440A}.Ad-Hoc|x86.Deploy.0 = Release|x86
		{9206ABDC-6693-4DE9-949A-A1E2CA9A440A}.AppStore|Any CPU.ActiveCfg = Release|Any CPU
		{9206ABDC-6693-4DE9-949A-A1E2CA9A440A}.AppStore|Any CPU.Build.0 = Release|Any CPU
		{9206ABDC-6693-4DE9-949A-A1E2CA9A440A}.AppStore|Any CPU.Deploy.0 = Release|Any CPU
		{9206ABDC-6693-4DE9-949A-A1E2CA9A440A}.AppStore|ARM.ActiveCfg = Release|ARM
		{9206ABDC-6693-4DE9-949A-A1E2CA9A440A}.AppStore|ARM.Build.0 = Release|ARM
		{9206ABDC-6693-4DE9-949A-A1E2CA9A440A}.AppStore|ARM.Deploy.0 = Release|ARM
		{9206ABDC-6693-4DE9-949A-A1E2CA9A440A}.AppStore|iPhone.ActiveCfg = Release|Any CPU
		{9206ABDC-6693-4DE9-949A-A1E2CA9A440A}.AppStore|iPhone.Build.0 = Release|Any CPU
		{9206ABDC-6693-4DE9-949A-A1E2CA9A440A}.AppStore|iPhone.Deploy.0 = Release|Any CPU
		{9206ABDC-6693-4DE9-949A-A1E2CA9A440A}.AppStore|iPhoneSimulator.ActiveCfg = Release|Any CPU
		{9206ABDC-6693-4DE9-949A-A1E2CA9A440A}.AppStore|iPhoneSimulator.Build.0 = Release|Any CPU
		{9206ABDC-6693-4DE9-949A-A1E2CA9A440A}.AppStore|iPhoneSimulator.Deploy.0 = Release|Any CPU
		{9206ABDC-6693-4DE9-949A-A1E2CA9A440A}.AppStore|x64.ActiveCfg = Release|x64
		{9206ABDC-6693-4DE9-949A-A1E2CA9A440A}.AppStore|x64.Build.0 = Release|x64
		{9206ABDC-6693-4DE9-949A-A1E2CA9A440A}.AppStore|x64.Deploy.0 = Release|x64
		{9206ABDC-6693-4DE9-949A-A1E2CA9A440A}.AppStore|x86.ActiveCfg = Release|x86
		{9206ABDC-6693-4DE9-949A-A1E2CA9A440A}.AppStore|x86.Build.0 = Release|x86
		{9206ABDC-6693-4DE9-949A-A1E2CA9A440A}.AppStore|x86.Deploy.0 = Release|x86
		{9206ABDC-6693-4DE9-949A-A1E2CA9A440A}.Debug|Any CPU.ActiveCfg = Debug|Any CPU
		{9206ABDC-6693-4DE9-949A-A1E2CA9A440A}.Debug|Any CPU.Build.0 = Debug|Any CPU
		{9206ABDC-6693-4DE9-949A-A1E2CA9A440A}.Debug|Any CPU.Deploy.0 = Debug|Any CPU
		{9206ABDC-6693-4DE9-949A-A1E2CA9A440A}.Debug|ARM.ActiveCfg = Debug|ARM
		{9206ABDC-6693-4DE9-949A-A1E2CA9A440A}.Debug|ARM.Build.0 = Debug|ARM
		{9206ABDC-6693-4DE9-949A-A1E2CA9A440A}.Debug|ARM.Deploy.0 = Debug|ARM
		{9206ABDC-6693-4DE9-949A-A1E2CA9A440A}.Debug|iPhone.ActiveCfg = Debug|Any CPU
		{9206ABDC-6693-4DE9-949A-A1E2CA9A440A}.Debug|iPhone.Build.0 = Debug|Any CPU
		{9206ABDC-6693-4DE9-949A-A1E2CA9A440A}.Debug|iPhone.Deploy.0 = Debug|Any CPU
		{9206ABDC-6693-4DE9-949A-A1E2CA9A440A}.Debug|iPhoneSimulator.ActiveCfg = Debug|Any CPU
		{9206ABDC-6693-4DE9-949A-A1E2CA9A440A}.Debug|iPhoneSimulator.Build.0 = Debug|Any CPU
		{9206ABDC-6693-4DE9-949A-A1E2CA9A440A}.Debug|iPhoneSimulator.Deploy.0 = Debug|Any CPU
		{9206ABDC-6693-4DE9-949A-A1E2CA9A440A}.Debug|x64.ActiveCfg = Debug|x64
		{9206ABDC-6693-4DE9-949A-A1E2CA9A440A}.Debug|x64.Build.0 = Debug|x64
		{9206ABDC-6693-4DE9-949A-A1E2CA9A440A}.Debug|x64.Deploy.0 = Debug|x64
		{9206ABDC-6693-4DE9-949A-A1E2CA9A440A}.Debug|x86.ActiveCfg = Debug|x86
		{9206ABDC-6693-4DE9-949A-A1E2CA9A440A}.Debug|x86.Build.0 = Debug|x86
		{9206ABDC-6693-4DE9-949A-A1E2CA9A440A}.Debug|x86.Deploy.0 = Debug|x86
		{9206ABDC-6693-4DE9-949A-A1E2CA9A440A}.Release|Any CPU.ActiveCfg = Release|Any CPU
		{9206ABDC-6693-4DE9-949A-A1E2CA9A440A}.Release|Any CPU.Build.0 = Release|Any CPU
		{9206ABDC-6693-4DE9-949A-A1E2CA9A440A}.Release|Any CPU.Deploy.0 = Release|Any CPU
		{9206ABDC-6693-4DE9-949A-A1E2CA9A440A}.Release|ARM.ActiveCfg = Release|ARM
		{9206ABDC-6693-4DE9-949A-A1E2CA9A440A}.Release|ARM.Build.0 = Release|ARM
		{9206ABDC-6693-4DE9-949A-A1E2CA9A440A}.Release|ARM.Deploy.0 = Release|ARM
		{9206ABDC-6693-4DE9-949A-A1E2CA9A440A}.Release|iPhone.ActiveCfg = Release|Any CPU
		{9206ABDC-6693-4DE9-949A-A1E2CA9A440A}.Release|iPhone.Build.0 = Release|Any CPU
		{9206ABDC-6693-4DE9-949A-A1E2CA9A440A}.Release|iPhone.Deploy.0 = Release|Any CPU
		{9206ABDC-6693-4DE9-949A-A1E2CA9A440A}.Release|iPhoneSimulator.ActiveCfg = Release|Any CPU
		{9206ABDC-6693-4DE9-949A-A1E2CA9A440A}.Release|iPhoneSimulator.Build.0 = Release|Any CPU
		{9206ABDC-6693-4DE9-949A-A1E2CA9A440A}.Release|iPhoneSimulator.Deploy.0 = Release|Any CPU
		{9206ABDC-6693-4DE9-949A-A1E2CA9A440A}.Release|x64.ActiveCfg = Release|x64
		{9206ABDC-6693-4DE9-949A-A1E2CA9A440A}.Release|x64.Build.0 = Release|x64
		{9206ABDC-6693-4DE9-949A-A1E2CA9A440A}.Release|x64.Deploy.0 = Release|x64
		{9206ABDC-6693-4DE9-949A-A1E2CA9A440A}.Release|x86.ActiveCfg = Release|x86
		{9206ABDC-6693-4DE9-949A-A1E2CA9A440A}.Release|x86.Build.0 = Release|x86
		{9206ABDC-6693-4DE9-949A-A1E2CA9A440A}.Release|x86.Deploy.0 = Release|x86
		{E307053E-5851-4333-8061-9E2D4CD3A52B}.Ad-Hoc|Any CPU.ActiveCfg = Release|Any CPU
		{E307053E-5851-4333-8061-9E2D4CD3A52B}.Ad-Hoc|Any CPU.Build.0 = Release|Any CPU
		{E307053E-5851-4333-8061-9E2D4CD3A52B}.Ad-Hoc|ARM.ActiveCfg = Release|Any CPU
		{E307053E-5851-4333-8061-9E2D4CD3A52B}.Ad-Hoc|ARM.Build.0 = Release|Any CPU
		{E307053E-5851-4333-8061-9E2D4CD3A52B}.Ad-Hoc|iPhone.ActiveCfg = Release|Any CPU
		{E307053E-5851-4333-8061-9E2D4CD3A52B}.Ad-Hoc|iPhone.Build.0 = Release|Any CPU
		{E307053E-5851-4333-8061-9E2D4CD3A52B}.Ad-Hoc|iPhoneSimulator.ActiveCfg = Release|Any CPU
		{E307053E-5851-4333-8061-9E2D4CD3A52B}.Ad-Hoc|iPhoneSimulator.Build.0 = Release|Any CPU
		{E307053E-5851-4333-8061-9E2D4CD3A52B}.Ad-Hoc|x64.ActiveCfg = Release|Any CPU
		{E307053E-5851-4333-8061-9E2D4CD3A52B}.Ad-Hoc|x64.Build.0 = Release|Any CPU
		{E307053E-5851-4333-8061-9E2D4CD3A52B}.Ad-Hoc|x86.ActiveCfg = Release|Any CPU
		{E307053E-5851-4333-8061-9E2D4CD3A52B}.Ad-Hoc|x86.Build.0 = Release|Any CPU
		{E307053E-5851-4333-8061-9E2D4CD3A52B}.AppStore|Any CPU.ActiveCfg = Release|Any CPU
		{E307053E-5851-4333-8061-9E2D4CD3A52B}.AppStore|Any CPU.Build.0 = Release|Any CPU
		{E307053E-5851-4333-8061-9E2D4CD3A52B}.AppStore|ARM.ActiveCfg = Release|Any CPU
		{E307053E-5851-4333-8061-9E2D4CD3A52B}.AppStore|ARM.Build.0 = Release|Any CPU
		{E307053E-5851-4333-8061-9E2D4CD3A52B}.AppStore|iPhone.ActiveCfg = Release|Any CPU
		{E307053E-5851-4333-8061-9E2D4CD3A52B}.AppStore|iPhone.Build.0 = Release|Any CPU
		{E307053E-5851-4333-8061-9E2D4CD3A52B}.AppStore|iPhoneSimulator.ActiveCfg = Release|Any CPU
		{E307053E-5851-4333-8061-9E2D4CD3A52B}.AppStore|iPhoneSimulator.Build.0 = Release|Any CPU
		{E307053E-5851-4333-8061-9E2D4CD3A52B}.AppStore|x64.ActiveCfg = Release|Any CPU
		{E307053E-5851-4333-8061-9E2D4CD3A52B}.AppStore|x64.Build.0 = Release|Any CPU
		{E307053E-5851-4333-8061-9E2D4CD3A52B}.AppStore|x86.ActiveCfg = Release|Any CPU
		{E307053E-5851-4333-8061-9E2D4CD3A52B}.AppStore|x86.Build.0 = Release|Any CPU
		{E307053E-5851-4333-8061-9E2D4CD3A52B}.Debug|Any CPU.ActiveCfg = Debug|Any CPU
		{E307053E-5851-4333-8061-9E2D4CD3A52B}.Debug|Any CPU.Build.0 = Debug|Any CPU
		{E307053E-5851-4333-8061-9E2D4CD3A52B}.Debug|ARM.ActiveCfg = Debug|Any CPU
		{E307053E-5851-4333-8061-9E2D4CD3A52B}.Debug|ARM.Build.0 = Debug|Any CPU
		{E307053E-5851-4333-8061-9E2D4CD3A52B}.Debug|iPhone.ActiveCfg = Debug|Any CPU
		{E307053E-5851-4333-8061-9E2D4CD3A52B}.Debug|iPhone.Build.0 = Debug|Any CPU
		{E307053E-5851-4333-8061-9E2D4CD3A52B}.Debug|iPhoneSimulator.ActiveCfg = Debug|Any CPU
		{E307053E-5851-4333-8061-9E2D4CD3A52B}.Debug|iPhoneSimulator.Build.0 = Debug|Any CPU
		{E307053E-5851-4333-8061-9E2D4CD3A52B}.Debug|x64.ActiveCfg = Debug|Any CPU
		{E307053E-5851-4333-8061-9E2D4CD3A52B}.Debug|x64.Build.0 = Debug|Any CPU
		{E307053E-5851-4333-8061-9E2D4CD3A52B}.Debug|x86.ActiveCfg = Debug|Any CPU
		{E307053E-5851-4333-8061-9E2D4CD3A52B}.Debug|x86.Build.0 = Debug|Any CPU
		{E307053E-5851-4333-8061-9E2D4CD3A52B}.Release|Any CPU.ActiveCfg = Release|Any CPU
		{E307053E-5851-4333-8061-9E2D4CD3A52B}.Release|Any CPU.Build.0 = Release|Any CPU
		{E307053E-5851-4333-8061-9E2D4CD3A52B}.Release|ARM.ActiveCfg = Release|Any CPU
		{E307053E-5851-4333-8061-9E2D4CD3A52B}.Release|ARM.Build.0 = Release|Any CPU
		{E307053E-5851-4333-8061-9E2D4CD3A52B}.Release|iPhone.ActiveCfg = Release|Any CPU
		{E307053E-5851-4333-8061-9E2D4CD3A52B}.Release|iPhone.Build.0 = Release|Any CPU
		{E307053E-5851-4333-8061-9E2D4CD3A52B}.Release|iPhoneSimulator.ActiveCfg = Release|Any CPU
		{E307053E-5851-4333-8061-9E2D4CD3A52B}.Release|iPhoneSimulator.Build.0 = Release|Any CPU
		{E307053E-5851-4333-8061-9E2D4CD3A52B}.Release|x64.ActiveCfg = Release|Any CPU
		{E307053E-5851-4333-8061-9E2D4CD3A52B}.Release|x64.Build.0 = Release|Any CPU
		{E307053E-5851-4333-8061-9E2D4CD3A52B}.Release|x86.ActiveCfg = Release|Any CPU
		{E307053E-5851-4333-8061-9E2D4CD3A52B}.Release|x86.Build.0 = Release|Any CPU
	EndGlobalSection
	GlobalSection(SolutionProperties) = preSolution
		HideSolutionNode = FALSE
	EndGlobalSection
EndGlobal
